
Microsoft Visual Studio Solution File, Format Version 12.00
# Visual Studio Version 17
VisualStudioVersion = 17.14.36408.4 d17.14
MinimumVisualStudioVersion = 10.0.40219.1
Project("{FAE04EC0-301F-11D3-BF4B-00C04F79EFBC}") = "kiosko-ssms", "kiosko-ssms.csproj", "{98ADB9A8-E54B-441C-986A-6E54809DE7A7}"
EndProject
Global
	GlobalSection(SolutionConfigurationPlatforms) = preSolution
		Debug|Any CPU = Debug|Any CPU
		Release|Any CPU = Release|Any CPU
	EndGlobalSection
	GlobalSection(ProjectConfigurationPlatforms) = postSolution
		{98ADB9A8-E54B-441C-986A-6E54809DE7A7}.Debug|Any CPU.ActiveCfg = Debug|Any CPU
		{98ADB9A8-E54B-441C-986A-6E54809DE7A7}.Debug|Any CPU.Build.0 = Debug|Any CPU
		{98ADB9A8-E54B-441C-986A-6E54809DE7A7}.Release|Any CPU.ActiveCfg = Release|Any CPU
		{98ADB9A8-E54B-441C-986A-6E54809DE7A7}.Release|Any CPU.Build.0 = Release|Any CPU
	EndGlobalSection
	GlobalSection(SolutionProperties) = preSolution
		HideSolutionNode = FALSE
	EndGlobalSection
	GlobalSection(ExtensibilityGlobals) = postSolution
		SolutionGuid = {7E48FF44-FA64-4799-8705-B96F093A326E}
	EndGlobalSection
EndGlobal
